// !$*UTF8*$!
{
	archiveVersion = 1;
	classes = {
	};
	objectVersion = 50;
	objects = {

/* Begin PBXBuildFile section */
		23D75C7B47257670D4E49F4B /* Pods_RandomButton.framework in Frameworks */ = {isa = PBXBuildFile; fileRef = BAECD5356BB8FE4B0AA677EC /* Pods_RandomButton.framework */; };
		28F824F32624C12F00A27439 /* AppDelegate.swift in Sources */ = {isa = PBXBuildFile; fileRef = 28F824F22624C12F00A27439 /* AppDelegate.swift */; };
		28F824F52624C12F00A27439 /* SceneDelegate.swift in Sources */ = {isa = PBXBuildFile; fileRef = 28F824F42624C12F00A27439 /* SceneDelegate.swift */; };
		28F824F72624C12F00A27439 /* ViewController.swift in Sources */ = {isa = PBXBuildFile; fileRef = 28F824F62624C12F00A27439 /* ViewController.swift */; };
		28F824FA2624C12F00A27439 /* Main.storyboard in Resources */ = {isa = PBXBuildFile; fileRef = 28F824F82624C12F00A27439 /* Main.storyboard */; };
		28F824FC2624C13000A27439 /* Assets.xcassets in Resources */ = {isa = PBXBuildFile; fileRef = 28F824FB2624C13000A27439 /* Assets.xcassets */; };
		28F824FF2624C13000A27439 /* LaunchScreen.storyboard in Resources */ = {isa = PBXBuildFile; fileRef = 28F824FD2624C13000A27439 /* LaunchScreen.storyboard */; };
/* End PBXBuildFile section */

/* Begin PBXFileReference section */
		28F824EF2624C12F00A27439 /* RandomButton.app */ = {isa = PBXFileReference; explicitFileType = wrapper.application; includeInIndex = 0; path = RandomButton.app; sourceTree = BUILT_PRODUCTS_DIR; };
		28F824F22624C12F00A27439 /* AppDelegate.swift */ = {isa = PBXFileReference; lastKnownFileType = sourcecode.swift; path = AppDelegate.swift; sourceTree = "<group>"; };
		28F824F42624C12F00A27439 /* SceneDelegate.swift */ = {isa = PBXFileReference; lastKnownFileType = sourcecode.swift; path = SceneDelegate.swift; sourceTree = "<group>"; };
		28F824F62624C12F00A27439 /* ViewController.swift */ = {isa = PBXFileReference; lastKnownFileType = sourcecode.swift; path = ViewController.swift; sourceTree = "<group>"; };
		28F824F92624C12F00A27439 /* Base */ = {isa = PBXFileReference; lastKnownFileType = file.storyboard; name = Base; path = Base.lproj/Main.storyboard; sourceTree = "<group>"; };
		28F824FB2624C13000A27439 /* Assets.xcassets */ = {isa = PBXFileReference; lastKnownFileType = folder.assetcatalog; path = Assets.xcassets; sourceTree = "<group>"; };
		28F824FE2624C13000A27439 /* Base */ = {isa = PBXFileReference; lastKnownFileType = file.storyboard; name = Base; path = Base.lproj/LaunchScreen.storyboard; sourceTree = "<group>"; };
		28F825002624C13000A27439 /* Info.plist */ = {isa = PBXFileReference; lastKnownFileType = text.plist.xml; path = Info.plist; sourceTree = "<group>"; };
		33C38DB9D138BDF01A9FACC4 /* Pods-RandomButton.release.xcconfig */ = {isa = PBXFileReference; includeInIndex = 1; lastKnownFileType = text.xcconfig; name = "Pods-RandomButton.release.xcconfig"; path = "Target Support Files/Pods-RandomButton/Pods-RandomButton.release.xcconfig"; sourceTree = "<group>"; };
		581DB6C2F62377EFAC0E8B67 /* Pods-RandomButton.debug.xcconfig */ = {isa = PBXFileReference; includeInIndex = 1; lastKnownFileType = text.xcconfig; name = "Pods-RandomButton.debug.xcconfig"; path = "Target Support Files/Pods-RandomButton/Pods-RandomButton.debug.xcconfig"; sourceTree = "<group>"; };
		BAECD5356BB8FE4B0AA677EC /* Pods_RandomButton.framework */ = {isa = PBXFileReference; explicitFileType = wrapper.framework; includeInIndex = 0; path = Pods_RandomButton.framework; sourceTree = BUILT_PRODUCTS_DIR; };
/* End PBXFileReference section */

/* Begin PBXFrameworksBuildPhase section */
		28F824EC2624C12F00A27439 /* Frameworks */ = {
			isa = PBXFrameworksBuildPhase;
			buildActionMask = 2147483647;
			files = (
				23D75C7B47257670D4E49F4B /* Pods_RandomButton.framework in Frameworks */,
			);
			runOnlyForDeploymentPostprocessing = 0;
		};
/* End PBXFrameworksBuildPhase section */

/* Begin PBXGroup section */
		28F824E62624C12F00A27439 = {
			isa = PBXGroup;
			children = (
				28F824F12624C12F00A27439 /* RandomButton */,
				28F824F02624C12F00A27439 /* Products */,
				DD3A5F228636733FCD4BDA7A /* Pods */,
				8D97F2B6A36D4DDCDF0C366A /* Frameworks */,
			);
			sourceTree = "<group>";
		};
		28F824F02624C12F00A27439 /* Products */ = {
			isa = PBXGroup;
			children = (
				28F824EF2624C12F00A27439 /* RandomButton.app */,
			);
			name = Products;
			sourceTree = "<group>";
		};
		28F824F12624C12F00A27439 /* RandomButton */ = {
			isa = PBXGroup;
			children = (
				28F824F22624C12F00A27439 /* AppDelegate.swift */,
				28F824F42624C12F00A27439 /* SceneDelegate.swift */,
				28F824F62624C12F00A27439 /* ViewController.swift */,
				28F824F82624C12F00A27439 /* Main.storyboard */,
				28F824FB2624C13000A27439 /* Assets.xcassets */,
				28F824FD2624C13000A27439 /* LaunchScreen.storyboard */,
				28F825002624C13000A27439 /* Info.plist */,
			);
			path = RandomButton;
			sourceTree = "<group>";
		};
		8D97F2B6A36D4DDCDF0C366A /* Frameworks */ = {
			isa = PBXGroup;
			children = (
				BAECD5356BB8FE4B0AA677EC /* Pods_RandomButton.framework */,
			);
			name = Frameworks;
			sourceTree = "<group>";
		};
		DD3A5F228636733FCD4BDA7A /* Pods */ = {
			isa = PBXGroup;
			children = (
				581DB6C2F62377EFAC0E8B67 /* Pods-RandomButton.debug.xcconfig */,
				33C38DB9D138BDF01A9FACC4 /* Pods-RandomButton.release.xcconfig */,
			);
			path = Pods;
			sourceTree = "<group>";
		};
/* End PBXGroup section */

/* Begin PBXNativeTarget section */
		28F824EE2624C12F00A27439 /* RandomButton */ = {
			isa = PBXNativeTarget;
			buildConfigurationList = 28F825032624C13000A27439 /* Build configuration list for PBXNativeTarget "RandomButton" */;
			buildPhases = (
				11AC15F0AB969C6A84F3311C /* [CP] Check Pods Manifest.lock */,
				28F8250A2624CC8E00A27439 /* Run Script */,
				28F824EB2624C12F00A27439 /* Sources */,
				28F824EC2624C12F00A27439 /* Frameworks */,
				28F824ED2624C12F00A27439 /* Resources */,
				737DDC5080DBAB00EEE9BA1C /* [CP] Embed Pods Frameworks */,
			);
			buildRules = (
			);
			dependencies = (
			);
			name = RandomButton;
			productName = RandomButton;
			productReference = 28F824EF2624C12F00A27439 /* RandomButton.app */;
			productType = "com.apple.product-type.application";
		};
/* End PBXNativeTarget section */

/* Begin PBXProject section */
		28F824E72624C12F00A27439 /* Project object */ = {
			isa = PBXProject;
			attributes = {
				LastSwiftUpdateCheck = 1240;
				LastUpgradeCheck = 1240;
				TargetAttributes = {
					28F824EE2624C12F00A27439 = {
						CreatedOnToolsVersion = 12.4;
					};
				};
			};
			buildConfigurationList = 28F824EA2624C12F00A27439 /* Build configuration list for PBXProject "RandomButton" */;
			compatibilityVersion = "Xcode 9.3";
			developmentRegion = en;
			hasScannedForEncodings = 0;
			knownRegions = (
				en,
				Base,
			);
			mainGroup = 28F824E62624C12F00A27439;
			productRefGroup = 28F824F02624C12F00A27439 /* Products */;
			projectDirPath = "";
			projectRoot = "";
			targets = (
				28F824EE2624C12F00A27439 /* RandomButton */,
			);
		};
/* End PBXProject section */

/* Begin PBXResourcesBuildPhase section */
		28F824ED2624C12F00A27439 /* Resources */ = {
			isa = PBXResourcesBuildPhase;
			buildActionMask = 2147483647;
			files = (
				28F824FF2624C13000A27439 /* LaunchScreen.storyboard in Resources */,
				28F824FC2624C13000A27439 /* Assets.xcassets in Resources */,
				28F824FA2624C12F00A27439 /* Main.storyboard in Resources */,
			);
			runOnlyForDeploymentPostprocessing = 0;
		};
/* End PBXResourcesBuildPhase section */

/* Begin PBXShellScriptBuildPhase section */
		11AC15F0AB969C6A84F3311C /* [CP] Check Pods Manifest.lock */ = {
			isa = PBXShellScriptBuildPhase;
			buildActionMask = 2147483647;
			files = (
			);
			inputFileListPaths = (
			);
			inputPaths = (
				"${PODS_PODFILE_DIR_PATH}/Podfile.lock",
				"${PODS_ROOT}/Manifest.lock",
			);
			name = "[CP] Check Pods Manifest.lock";
			outputFileListPaths = (
			);
			outputPaths = (
				"$(DERIVED_FILE_DIR)/Pods-RandomButton-checkManifestLockResult.txt",
			);
			runOnlyForDeploymentPostprocessing = 0;
			shellPath = /bin/sh;
			shellScript = "diff \"${PODS_PODFILE_DIR_PATH}/Podfile.lock\" \"${PODS_ROOT}/Manifest.lock\" > /dev/null\nif [ $? != 0 ] ; then\n    # print error to STDERR\n    echo \"error: The sandbox is not in sync with the Podfile.lock. Run 'pod install' or update your CocoaPods installation.\" >&2\n    exit 1\nfi\n# This output is used by Xcode 'outputs' to avoid re-running this script phase.\necho \"SUCCESS\" > \"${SCRIPT_OUTPUT_FILE_0}\"\n";
			showEnvVarsInLog = 0;
		};
		28F8250A2624CC8E00A27439 /* Run Script */ = {
			isa = PBXShellScriptBuildPhase;
			buildActionMask = 2147483647;
			files = (
			);
			inputFileListPaths = (
			);
			inputPaths = (
			);
			name = "Run Script";
			outputFileListPaths = (
			);
			outputPaths = (
			);
			runOnlyForDeploymentPostprocessing = 0;
			shellPath = /bin/sh;
			shellScript = "\"${PODS_ROOT}/SwiftLint/swiftlint\"\n";
		};
		737DDC5080DBAB00EEE9BA1C /* [CP] Embed Pods Frameworks */ = {
			isa = PBXShellScriptBuildPhase;
			buildActionMask = 2147483647;
			files = (
			);
			inputFileListPaths = (
				"${PODS_ROOT}/Target Support Files/Pods-RandomButton/Pods-RandomButton-frameworks-${CONFIGURATION}-input-files.xcfilelist",
			);
			name = "[CP] Embed Pods Frameworks";
			outputFileListPaths = (
				"${PODS_ROOT}/Target Support Files/Pods-RandomButton/Pods-RandomButton-frameworks-${CONFIGURATION}-output-files.xcfilelist",
			);
			runOnlyForDeploymentPostprocessing = 0;
			shellPath = /bin/sh;
			shellScript = "\"${PODS_ROOT}/Target Support Files/Pods-RandomButton/Pods-RandomButton-frameworks.sh\"\n";
			showEnvVarsInLog = 0;
		};
/* End PBXShellScriptBuildPhase section */

/* Begin PBXSourcesBuildPhase section */
		28F824EB2624C12F00A27439 /* Sources */ = {
			isa = PBXSourcesBuildPhase;
			buildActionMask = 2147483647;
			files = (
				28F824F72624C12F00A27439 /* ViewController.swift in Sources */,
				28F824F32624C12F00A27439 /* AppDelegate.swift in Sources */,
				28F824F52624C12F00A27439 /* SceneDelegate.swift in Sources */,
			);
			runOnlyForDeploymentPostprocessing = 0;
		};
/* End PBXSourcesBuildPhase section */

/* Begin PBXVariantGroup section */
		28F824F82624C12F00A27439 /* Main.storyboard */ = {
			isa = PBXVariantGroup;
			children = (
				28F824F92624C12F00A27439 /* Base */,
			);
			name = Main.storyboard;
			sourceTree = "<group>";
		};
		28F824FD2624C13000A27439 /* LaunchScreen.storyboard */ = {
			isa = PBXVariantGroup;
			children = (
				28F824FE2624C13000A27439 /* Base */,
			);
			name = LaunchScreen.storyboard;
			sourceTree = "<group>";
		};
/* End PBXVariantGroup section */

/* Begin XCBuildConfiguration section */
		28F825012624C13000A27439 /* Debug */ = {
			isa = XCBuildConfiguration;
			buildSettings = {
				ALWAYS_SEARCH_USER_PATHS = NO;
				CLANG_ANALYZER_NONNULL = YES;
				CLANG_ANALYZER_NUMBER_OBJECT_CONVERSION = YES_AGGRESSIVE;
				CLANG_CXX_LANGUAGE_STANDARD = "gnu++14";
				CLANG_CXX_LIBRARY = "libc++";
				CLANG_ENABLE_MODULES = YES;
				CLANG_ENABLE_OBJC_ARC = YES;
				CLANG_ENABLE_OBJC_WEAK = YES;
				CLANG_WARN_BLOCK_CAPTURE_AUTORELEASING = YES;
				CLANG_WARN_BOOL_CONVERSION = YES;
				CLANG_WARN_COMMA = YES;
				CLANG_WARN_CONSTANT_CONVERSION = YES;
				CLANG_WARN_DEPRECATED_OBJC_IMPLEMENTATIONS = YES;
				CLANG_WARN_DIRECT_OBJC_ISA_USAGE = YES_ERROR;
				CLANG_WARN_DOCUMENTATION_COMMENTS = YES;
				CLANG_WARN_EMPTY_BODY = YES;
				CLANG_WARN_ENUM_CONVERSION = YES;
				CLANG_WARN_INFINITE_RECURSION = YES;
				CLANG_WARN_INT_CONVERSION = YES;
				CLANG_WARN_NON_LITERAL_NULL_CONVERSION = YES;
				CLANG_WARN_OBJC_IMPLICIT_RETAIN_SELF = YES;
				CLANG_WARN_OBJC_LITERAL_CONVERSION = YES;
				CLANG_WARN_OBJC_ROOT_CLASS = YES_ERROR;
				CLANG_WARN_QUOTED_INCLUDE_IN_FRAMEWORK_HEADER = YES;
				CLANG_WARN_RANGE_LOOP_ANALYSIS = YES;
				CLANG_WARN_STRICT_PROTOTYPES = YES;
				CLANG_WARN_SUSPICIOUS_MOVE = YES;
				CLANG_WARN_UNGUARDED_AVAILABILITY = YES_AGGRESSIVE;
				CLANG_WARN_UNREACHABLE_CODE = YES;
				CLANG_WARN__DUPLICATE_METHOD_MATCH = YES;
				COPY_PHASE_STRIP = NO;
				DEBUG_INFORMATION_FORMAT = dwarf;
				ENABLE_STRICT_OBJC_MSGSEND = YES;
				ENABLE_TESTABILITY = YES;
				GCC_C_LANGUAGE_STANDARD = gnu11;
				GCC_DYNAMIC_NO_PIC = NO;
				GCC_NO_COMMON_BLOCKS = YES;
				GCC_OPTIMIZATION_LEVEL = 0;
				GCC_PREPROCESSOR_DEFINITIONS = (
					"DEBUG=1",
					"$(inherited)",
				);
				GCC_WARN_64_TO_32_BIT_CONVERSION = YES;
				GCC_WARN_ABOUT_RETURN_TYPE = YES_ERROR;
				GCC_WARN_UNDECLARED_SELECTOR = YES;
				GCC_WARN_UNINITIALIZED_AUTOS = YES_AGGRESSIVE;
				GCC_WARN_UNUSED_FUNCTION = YES;
				GCC_WARN_UNUSED_VARIABLE = YES;
				IPHONEOS_DEPLOYMENT_TARGET = 14.4;
				MTL_ENABLE_DEBUG_INFO = INCLUDE_SOURCE;
				MTL_FAST_MATH = YES;
				ONLY_ACTIVE_ARCH = YES;
				SDKROOT = iphoneos;
				SWIFT_ACTIVE_COMPILATION_CONDITIONS = DEBUG;
				SWIFT_OPTIMIZATION_LEVEL = "-Onone";
			};
			name = Debug;
		};
		28F825022624C13000A27439 /* Release */ = {
			isa = XCBuildConfiguration;
			buildSettings = {
				ALWAYS_SEARCH_USER_PATHS = NO;
				CLANG_ANALYZER_NONNULL = YES;
				CLANG_ANALYZER_NUMBER_OBJECT_CONVERSION = YES_AGGRESSIVE;
				CLANG_CXX_LANGUAGE_STANDARD = "gnu++14";
				CLANG_CXX_LIBRARY = "libc++";
				CLANG_ENABLE_MODULES = YES;
				CLANG_ENABLE_OBJC_ARC = YES;
				CLANG_ENABLE_OBJC_WEAK = YES;
				CLANG_WARN_BLOCK_CAPTURE_AUTORELEASING = YES;
				CLANG_WARN_BOOL_CONVERSION = YES;
				CLANG_WARN_COMMA = YES;
				CLANG_WARN_CONSTANT_CONVERSION = YES;
				CLANG_WARN_DEPRECATED_OBJC_IMPLEMENTATIONS = YES;
				CLANG_WARN_DIRECT_OBJC_ISA_USAGE = YES_ERROR;
				CLANG_WARN_DOCUMENTATION_COMMENTS = YES;
				CLANG_WARN_EMPTY_BODY = YES;
				CLANG_WARN_ENUM_CONVERSION = YES;
				CLANG_WARN_INFINITE_RECURSION = YES;
				CLANG_WARN_INT_CONVERSION = YES;
				CLANG_WARN_NON_LITERAL_NULL_CONVERSION = YES;
				CLANG_WARN_OBJC_IMPLICIT_RETAIN_SELF = YES;
				CLANG_WARN_OBJC_LITERAL_CONVERSION = YES;
				CLANG_WARN_OBJC_ROOT_CLASS = YES_ERROR;
				CLANG_WARN_QUOTED_INCLUDE_IN_FRAMEWORK_HEADER = YES;
				CLANG_WARN_RANGE_LOOP_ANALYSIS = YES;
				CLANG_WARN_STRICT_PROTOTYPES = YES;
				CLANG_WARN_SUSPICIOUS_MOVE = YES;
				CLANG_WARN_UNGUARDED_AVAILABILITY = YES_AGGRESSIVE;
				CLANG_WARN_UNREACHABLE_CODE = YES;
				CLANG_WARN__DUPLICATE_METHOD_MATCH = YES;
				COPY_PHASE_STRIP = NO;
				DEBUG_INFORMATION_FORMAT = "dwarf-with-dsym";
				ENABLE_NS_ASSERTIONS = NO;
				ENABLE_STRICT_OBJC_MSGSEND = YES;
				GCC_C_LANGUAGE_STANDARD = gnu11;
				GCC_NO_COMMON_BLOCKS = YES;
				GCC_WARN_64_TO_32_BIT_CONVERSION = YES;
				GCC_WARN_ABOUT_RETURN_TYPE = YES_ERROR;
				GCC_WARN_UNDECLARED_SELECTOR = YES;
				GCC_WARN_UNINITIALIZED_AUTOS = YES_AGGRESSIVE;
				GCC_WARN_UNUSED_FUNCTION = YES;
				GCC_WARN_UNUSED_VARIABLE = YES;
				IPHONEOS_DEPLOYMENT_TARGET = 14.4;
				MTL_ENABLE_DEBUG_INFO = NO;
				MTL_FAST_MATH = YES;
				SDKROOT = iphoneos;
				SWIFT_COMPILATION_MODE = wholemodule;
				SWIFT_OPTIMIZATION_LEVEL = "-O";
				VALIDATE_PRODUCT = YES;
			};
			name = Release;
		};
		28F825042624C13000A27439 /* Debug */ = {
			isa = XCBuildConfiguration;
			baseConfigurationReference = 581DB6C2F62377EFAC0E8B67 /* Pods-RandomButton.debug.xcconfig */;
			buildSettings = {
				ASSETCATALOG_COMPILER_APPICON_NAME = AppIcon;
				ASSETCATALOG_COMPILER_GLOBAL_ACCENT_COLOR_NAME = AccentColor;
				CODE_SIGN_STYLE = Automatic;
				DEVELOPMENT_TEAM = 6762K7P32G;
				INFOPLIST_FILE = RandomButton/Info.plist;
				IPHONEOS_DEPLOYMENT_TARGET = 14.1;
				LD_RUNPATH_SEARCH_PATHS = (
					"$(inherited)",
					"@executable_path/Frameworks",
				);
				PRODUCT_BUNDLE_IDENTIFIER = com.swamnxstudio.RandomButton;
				PRODUCT_NAME = "$(TARGET_NAME)";
				SWIFT_VERSION = 5.0;
				TARGETED_DEVICE_FAMILY = 1;
			};
			name = Debug;
		};
		28F825052624C13000A27439 /* Release */ = {
			isa = XCBuildConfiguration;
			baseConfigurationReference = 33C38DB9D138BDF01A9FACC4 /* Pods-RandomButton.release.xcconfig */;
			buildSettings = {
				ASSETCATALOG_COMPILER_APPICON_NAME = AppIcon;
				ASSETCATALOG_COMPILER_GLOBAL_ACCENT_COLOR_NAME = AccentColor;
				CODE_SIGN_STYLE = Automatic;
				DEVELOPMENT_TEAM = 6762K7P32G;
				INFOPLIST_FILE = RandomButton/Info.plist;
				IPHONEOS_DEPLOYMENT_TARGET = 14.1;
				LD_RUNPATH_SEARCH_PATHS = (
					"$(inherited)",
					"@executable_path/Frameworks",
				);
				PRODUCT_BUNDLE_IDENTIFIER = com.swamnxstudio.RandomButton;
				PRODUCT_NAME = "$(TARGET_NAME)";
				SWIFT_VERSION = 5.0;
				TARGETED_DEVICE_FAMILY = 1;
			};
			name = Release;
		};
/* End XCBuildConfiguration section */

/* Begin XCConfigurationList section */
		28F824EA2624C12F00A27439 /* Build configuration list for PBXProject "RandomButton" */ = {
			isa = XCConfigurationList;
			buildConfigurations = (
				28F825012624C13000A27439 /* Debug */,
				28F825022624C13000A27439 /* Release */,
			);
			defaultConfigurationIsVisible = 0;
			defaultConfigurationName = Release;
		};
		28F825032624C13000A27439 /* Build configuration list for PBXNativeTarget "RandomButton" */ = {
			isa = XCConfigurationList;
			buildConfigurations = (
				28F825042624C13000A27439 /* Debug */,
				28F825052624C13000A27439 /* Release */,
			);
			defaultConfigurationIsVisible = 0;
			defaultConfigurationName = Release;
		};
/* End XCConfigurationList section */
	};
	rootObject = 28F824E72624C12F00A27439 /* Project object */;
}
